
Microsoft Visual Studio Solution File, Format Version 12.00
# Visual Studio Version 16
VisualStudioVersion = 16.0.29424.173
MinimumVisualStudioVersion = 10.0.40219.1
Project("{9A19103F-16F7-4668-BE54-9A1E7A4F7556}") = "Singleton", "Singleton\Singleton.csproj", "{9A59CD1B-0EBA-48F1-9522-EB0894DBF756}"
EndProject
Project("{2150E333-8FDC-42A3-9474-1A3956D46DE8}") = "Creational", "Creational", "{3DA6D052-4C39-4854-B7EE-BADB4F3481EE}"
EndProject
Project("{2150E333-8FDC-42A3-9474-1A3956D46DE8}") = "Structural", "Structural", "{AE436FB0-3A63-4973-8A6F-5FD1D0B71981}"
EndProject
Project("{2150E333-8FDC-42A3-9474-1A3956D46DE8}") = "Behavioral", "Behavioral", "{B50004D7-1604-4058-B04A-7DA3F3B63639}"
EndProject
Project("{9A19103F-16F7-4668-BE54-9A1E7A4F7556}") = "WebApp", "WebApp\WebApp.csproj", "{AF0F8C10-65C1-4AD1-AEF9-D095F435B835}"
EndProject
Project("{9A19103F-16F7-4668-BE54-9A1E7A4F7556}") = "FactoryMethod", "FactoryMethod\FactoryMethod.csproj", "{BF27544B-F422-4C42-A922-D03A95AD0190}"
EndProject
Project("{9A19103F-16F7-4668-BE54-9A1E7A4F7556}") = "SimpleFactory", "SimpleFactory\SimpleFactory.csproj", "{1366EAA5-33BB-4BEC-903B-C7BFB284102A}"
EndProject
Project("{9A19103F-16F7-4668-BE54-9A1E7A4F7556}") = "AbstractFactory", "AbstractFactory\AbstractFactory.csproj", "{7C454CDA-3F04-457F-A604-5575E679F49B}"
EndProject
Project("{FAE04EC0-301F-11D3-BF4B-00C04F79EFBC}") = "WebAppMvc5", "WebAppMvc5\WebAppMvc5.csproj", "{1CE9F470-A124-490C-8776-55939879AA3A}"
EndProject
Project("{9A19103F-16F7-4668-BE54-9A1E7A4F7556}") = "Prototype", "Prototype\Prototype.csproj", "{44486650-2688-4543-BC95-C49B668D8A83}"
EndProject
Project("{9A19103F-16F7-4668-BE54-9A1E7A4F7556}") = "Builder", "Builder\Builder.csproj", "{3FAA57BD-2CBB-4557-B8D4-35EA0904E3D3}"
EndProject
Project("{9A19103F-16F7-4668-BE54-9A1E7A4F7556}") = "Adapter", "Adapter\Adapter.csproj", "{7DC5B98F-115B-4A5B-9284-09FDCE3FA01A}"
EndProject
Project("{9A19103F-16F7-4668-BE54-9A1E7A4F7556}") = "AdapterExternal", "AdapterExternal\AdapterExternal.csproj", "{913C074A-F0F6-4CA9-85C5-3ABC4390EC93}"
EndProject
Project("{9A19103F-16F7-4668-BE54-9A1E7A4F7556}") = "Bridge", "Bridge\Bridge.csproj", "{0879033B-2EDB-4591-B6C1-193567864CCF}"
EndProject
Project("{9A19103F-16F7-4668-BE54-9A1E7A4F7556}") = "Composit", "Composit\Composit.csproj", "{8E9FE45F-B55A-450F-81EB-F18CF52C4F87}"
EndProject
Project("{9A19103F-16F7-4668-BE54-9A1E7A4F7556}") = "Decorator", "Decorator\Decorator.csproj", "{23425017-A8F8-4C8B-BB51-A17E6F44132E}"
EndProject
Project("{9A19103F-16F7-4668-BE54-9A1E7A4F7556}") = "Proxy", "Proxy\Proxy.csproj", "{C413C7B4-5D76-442D-B9DC-D26E5E91697E}"
EndProject
Project("{9A19103F-16F7-4668-BE54-9A1E7A4F7556}") = "Flyweight", "Flyweight\Flyweight.csproj", "{E6F30915-6D57-4A5D-8CE1-D483826CA7A8}"
EndProject
Project("{9A19103F-16F7-4668-BE54-9A1E7A4F7556}") = "Facade", "Facade\Facade.csproj", "{825269A5-00A9-448F-B722-2499A1306CC9}"
EndProject
Project("{9A19103F-16F7-4668-BE54-9A1E7A4F7556}") = "TemplateMethod", "TemplateMethod\TemplateMethod.csproj", "{28A31E24-A7F2-4EB2-99E3-FCEB74B98921}"
EndProject
Project("{9A19103F-16F7-4668-BE54-9A1E7A4F7556}") = "Strategy", "Strategy\Strategy.csproj", "{1B1C155E-727C-45A2-A657-159D4C6412FA}"
EndProject
Project("{9A19103F-16F7-4668-BE54-9A1E7A4F7556}") = "ChainOfResponsibility", "ChainOfResponsibility\ChainOfResponsibility.csproj", "{077BD167-71D4-425C-9666-5FAE0449156F}"
EndProject
Project("{9A19103F-16F7-4668-BE54-9A1E7A4F7556}") = "Command", "Command\Command.csproj", "{6F7A805B-D7BF-4155-8C45-60A641ACAC52}"
EndProject
Project("{9A19103F-16F7-4668-BE54-9A1E7A4F7556}") = "Iterator", "Iterator\Iterator.csproj", "{19CE1E00-DBAB-47E7-A980-F6C000F60B07}"
EndProject
Project("{9A19103F-16F7-4668-BE54-9A1E7A4F7556}") = "Mediator", "Mediator\Mediator.csproj", "{72EFAD82-4FA6-4697-963F-53367E892FDF}"
EndProject
Project("{9A19103F-16F7-4668-BE54-9A1E7A4F7556}") = "Observer", "Observer\Observer.csproj", "{C6D43190-2E66-4E0A-9097-6CFF9BCB20F8}"
EndProject
Project("{9A19103F-16F7-4668-BE54-9A1E7A4F7556}") = "Memento", "Memento\Memento.csproj", "{A1EF5CDC-2F29-4310-B47E-2C2D62C00FAC}"
EndProject
Project("{9A19103F-16F7-4668-BE54-9A1E7A4F7556}") = "Visitor", "Visitor\Visitor.csproj", "{46CEF3B6-D456-481E-8CA2-9688E98FE6B2}"
EndProject
Project("{9A19103F-16F7-4668-BE54-9A1E7A4F7556}") = "State", "State\State.csproj", "{76708CB7-24A8-4F00-841A-2660F17B5A67}"
EndProject
Project("{2150E333-8FDC-42A3-9474-1A3956D46DE8}") = "Docs", "Docs", "{18E04AED-9249-43E9-BB36-9955717137A7}"
	ProjectSection(SolutionItems) = preProject
		dp.txt = dp.txt
		sources.txt = sources.txt
	EndProjectSection
EndProject
Project("{9A19103F-16F7-4668-BE54-9A1E7A4F7556}") = "Interpreter", "Interpreter\Interpreter.csproj", "{3457D08A-D638-4C84-B064-F69CD1B6504F}"
EndProject
Project("{FAE04EC0-301F-11D3-BF4B-00C04F79EFBC}") = "LoggerFactory", "LoggerFactory\LoggerFactory.csproj", "{DAF99E06-CAE9-41B8-82BA-9683ACE8E367}"
EndProject
Project("{FAE04EC0-301F-11D3-BF4B-00C04F79EFBC}") = "WebServerExample", "WebServerExample\WebServerExample.csproj", "{13A24A01-5840-4D4D-AEC7-4090945BD79C}"
EndProject
Project("{FAE04EC0-301F-11D3-BF4B-00C04F79EFBC}") = "HttpConverter", "HttpConverter\HttpConverter.csproj", "{16B16B36-E70E-4D86-845B-B1324FB3F0A6}"
EndProject
Global
	GlobalSection(SolutionConfigurationPlatforms) = preSolution
		Debug|Any CPU = Debug|Any CPU
		Release|Any CPU = Release|Any CPU
	EndGlobalSection
	GlobalSection(ProjectConfigurationPlatforms) = postSolution
		{9A59CD1B-0EBA-48F1-9522-EB0894DBF756}.Debug|Any CPU.ActiveCfg = Debug|Any CPU
		{9A59CD1B-0EBA-48F1-9522-EB0894DBF756}.Debug|Any CPU.Build.0 = Debug|Any CPU
		{9A59CD1B-0EBA-48F1-9522-EB0894DBF756}.Release|Any CPU.ActiveCfg = Release|Any CPU
		{9A59CD1B-0EBA-48F1-9522-EB0894DBF756}.Release|Any CPU.Build.0 = Release|Any CPU
		{AF0F8C10-65C1-4AD1-AEF9-D095F435B835}.Debug|Any CPU.ActiveCfg = Debug|Any CPU
		{AF0F8C10-65C1-4AD1-AEF9-D095F435B835}.Debug|Any CPU.Build.0 = Debug|Any CPU
		{AF0F8C10-65C1-4AD1-AEF9-D095F435B835}.Release|Any CPU.ActiveCfg = Release|Any CPU
		{AF0F8C10-65C1-4AD1-AEF9-D095F435B835}.Release|Any CPU.Build.0 = Release|Any CPU
		{BF27544B-F422-4C42-A922-D03A95AD0190}.Debug|Any CPU.ActiveCfg = Debug|Any CPU
		{BF27544B-F422-4C42-A922-D03A95AD0190}.Debug|Any CPU.Build.0 = Debug|Any CPU
		{BF27544B-F422-4C42-A922-D03A95AD0190}.Release|Any CPU.ActiveCfg = Release|Any CPU
		{BF27544B-F422-4C42-A922-D03A95AD0190}.Release|Any CPU.Build.0 = Release|Any CPU
		{1366EAA5-33BB-4BEC-903B-C7BFB284102A}.Debug|Any CPU.ActiveCfg = Debug|Any CPU
		{1366EAA5-33BB-4BEC-903B-C7BFB284102A}.Debug|Any CPU.Build.0 = Debug|Any CPU
		{1366EAA5-33BB-4BEC-903B-C7BFB284102A}.Release|Any CPU.ActiveCfg = Release|Any CPU
		{1366EAA5-33BB-4BEC-903B-C7BFB284102A}.Release|Any CPU.Build.0 = Release|Any CPU
		{7C454CDA-3F04-457F-A604-5575E679F49B}.Debug|Any CPU.ActiveCfg = Debug|Any CPU
		{7C454CDA-3F04-457F-A604-5575E679F49B}.Debug|Any CPU.Build.0 = Debug|Any CPU
		{7C454CDA-3F04-457F-A604-5575E679F49B}.Release|Any CPU.ActiveCfg = Release|Any CPU
		{7C454CDA-3F04-457F-A604-5575E679F49B}.Release|Any CPU.Build.0 = Release|Any CPU
		{1CE9F470-A124-490C-8776-55939879AA3A}.Debug|Any CPU.ActiveCfg = Debug|Any CPU
		{1CE9F470-A124-490C-8776-55939879AA3A}.Debug|Any CPU.Build.0 = Debug|Any CPU
		{1CE9F470-A124-490C-8776-55939879AA3A}.Release|Any CPU.ActiveCfg = Release|Any CPU
		{1CE9F470-A124-490C-8776-55939879AA3A}.Release|Any CPU.Build.0 = Release|Any CPU
		{44486650-2688-4543-BC95-C49B668D8A83}.Debug|Any CPU.ActiveCfg = Debug|Any CPU
		{44486650-2688-4543-BC95-C49B668D8A83}.Debug|Any CPU.Build.0 = Debug|Any CPU
		{44486650-2688-4543-BC95-C49B668D8A83}.Release|Any CPU.ActiveCfg = Release|Any CPU
		{44486650-2688-4543-BC95-C49B668D8A83}.Release|Any CPU.Build.0 = Release|Any CPU
		{3FAA57BD-2CBB-4557-B8D4-35EA0904E3D3}.Debug|Any CPU.ActiveCfg = Debug|Any CPU
		{3FAA57BD-2CBB-4557-B8D4-35EA0904E3D3}.Debug|Any CPU.Build.0 = Debug|Any CPU
		{3FAA57BD-2CBB-4557-B8D4-35EA0904E3D3}.Release|Any CPU.ActiveCfg = Release|Any CPU
		{3FAA57BD-2CBB-4557-B8D4-35EA0904E3D3}.Release|Any CPU.Build.0 = Release|Any CPU
		{7DC5B98F-115B-4A5B-9284-09FDCE3FA01A}.Debug|Any CPU.ActiveCfg = Debug|Any CPU
		{7DC5B98F-115B-4A5B-9284-09FDCE3FA01A}.Debug|Any CPU.Build.0 = Debug|Any CPU
		{7DC5B98F-115B-4A5B-9284-09FDCE3FA01A}.Release|Any CPU.ActiveCfg = Release|Any CPU
		{7DC5B98F-115B-4A5B-9284-09FDCE3FA01A}.Release|Any CPU.Build.0 = Release|Any CPU
		{913C074A-F0F6-4CA9-85C5-3ABC4390EC93}.Debug|Any CPU.ActiveCfg = Debug|Any CPU
		{913C074A-F0F6-4CA9-85C5-3ABC4390EC93}.Debug|Any CPU.Build.0 = Debug|Any CPU
		{913C074A-F0F6-4CA9-85C5-3ABC4390EC93}.Release|Any CPU.ActiveCfg = Release|Any CPU
		{913C074A-F0F6-4CA9-85C5-3ABC4390EC93}.Release|Any CPU.Build.0 = Release|Any CPU
		{0879033B-2EDB-4591-B6C1-193567864CCF}.Debug|Any CPU.ActiveCfg = Debug|Any CPU
		{0879033B-2EDB-4591-B6C1-193567864CCF}.Debug|Any CPU.Build.0 = Debug|Any CPU
		{0879033B-2EDB-4591-B6C1-193567864CCF}.Release|Any CPU.ActiveCfg = Release|Any CPU
		{0879033B-2EDB-4591-B6C1-193567864CCF}.Release|Any CPU.Build.0 = Release|Any CPU
		{8E9FE45F-B55A-450F-81EB-F18CF52C4F87}.Debug|Any CPU.ActiveCfg = Debug|Any CPU
		{8E9FE45F-B55A-450F-81EB-F18CF52C4F87}.Debug|Any CPU.Build.0 = Debug|Any CPU
		{8E9FE45F-B55A-450F-81EB-F18CF52C4F87}.Release|Any CPU.ActiveCfg = Release|Any CPU
		{8E9FE45F-B55A-450F-81EB-F18CF52C4F87}.Release|Any CPU.Build.0 = Release|Any CPU
		{23425017-A8F8-4C8B-BB51-A17E6F44132E}.Debug|Any CPU.ActiveCfg = Debug|Any CPU
		{23425017-A8F8-4C8B-BB51-A17E6F44132E}.Debug|Any CPU.Build.0 = Debug|Any CPU
		{23425017-A8F8-4C8B-BB51-A17E6F44132E}.Release|Any CPU.ActiveCfg = Release|Any CPU
		{23425017-A8F8-4C8B-BB51-A17E6F44132E}.Release|Any CPU.Build.0 = Release|Any CPU
		{C413C7B4-5D76-442D-B9DC-D26E5E91697E}.Debug|Any CPU.ActiveCfg = Debug|Any CPU
		{C413C7B4-5D76-442D-B9DC-D26E5E91697E}.Debug|Any CPU.Build.0 = Debug|Any CPU
		{C413C7B4-5D76-442D-B9DC-D26E5E91697E}.Release|Any CPU.ActiveCfg = Release|Any CPU
		{C413C7B4-5D76-442D-B9DC-D26E5E91697E}.Release|Any CPU.Build.0 = Release|Any CPU
		{E6F30915-6D57-4A5D-8CE1-D483826CA7A8}.Debug|Any CPU.ActiveCfg = Debug|Any CPU
		{E6F30915-6D57-4A5D-8CE1-D483826CA7A8}.Debug|Any CPU.Build.0 = Debug|Any CPU
		{E6F30915-6D57-4A5D-8CE1-D483826CA7A8}.Release|Any CPU.ActiveCfg = Release|Any CPU
		{E6F30915-6D57-4A5D-8CE1-D483826CA7A8}.Release|Any CPU.Build.0 = Release|Any CPU
		{825269A5-00A9-448F-B722-2499A1306CC9}.Debug|Any CPU.ActiveCfg = Debug|Any CPU
		{825269A5-00A9-448F-B722-2499A1306CC9}.Debug|Any CPU.Build.0 = Debug|Any CPU
		{825269A5-00A9-448F-B722-2499A1306CC9}.Release|Any CPU.ActiveCfg = Release|Any CPU
		{825269A5-00A9-448F-B722-2499A1306CC9}.Release|Any CPU.Build.0 = Release|Any CPU
		{28A31E24-A7F2-4EB2-99E3-FCEB74B98921}.Debug|Any CPU.ActiveCfg = Debug|Any CPU
		{28A31E24-A7F2-4EB2-99E3-FCEB74B98921}.Debug|Any CPU.Build.0 = Debug|Any CPU
		{28A31E24-A7F2-4EB2-99E3-FCEB74B98921}.Release|Any CPU.ActiveCfg = Release|Any CPU
		{28A31E24-A7F2-4EB2-99E3-FCEB74B98921}.Release|Any CPU.Build.0 = Release|Any CPU
		{1B1C155E-727C-45A2-A657-159D4C6412FA}.Debug|Any CPU.ActiveCfg = Debug|Any CPU
		{1B1C155E-727C-45A2-A657-159D4C6412FA}.Debug|Any CPU.Build.0 = Debug|Any CPU
		{1B1C155E-727C-45A2-A657-159D4C6412FA}.Release|Any CPU.ActiveCfg = Release|Any CPU
		{1B1C155E-727C-45A2-A657-159D4C6412FA}.Release|Any CPU.Build.0 = Release|Any CPU
		{077BD167-71D4-425C-9666-5FAE0449156F}.Debug|Any CPU.ActiveCfg = Debug|Any CPU
		{077BD167-71D4-425C-9666-5FAE0449156F}.Debug|Any CPU.Build.0 = Debug|Any CPU
		{077BD167-71D4-425C-9666-5FAE0449156F}.Release|Any CPU.ActiveCfg = Release|Any CPU
		{077BD167-71D4-425C-9666-5FAE0449156F}.Release|Any CPU.Build.0 = Release|Any CPU
		{6F7A805B-D7BF-4155-8C45-60A641ACAC52}.Debug|Any CPU.ActiveCfg = Debug|Any CPU
		{6F7A805B-D7BF-4155-8C45-60A641ACAC52}.Debug|Any CPU.Build.0 = Debug|Any CPU
		{6F7A805B-D7BF-4155-8C45-60A641ACAC52}.Release|Any CPU.ActiveCfg = Release|Any CPU
		{6F7A805B-D7BF-4155-8C45-60A641ACAC52}.Release|Any CPU.Build.0 = Release|Any CPU
		{19CE1E00-DBAB-47E7-A980-F6C000F60B07}.Debug|Any CPU.ActiveCfg = Debug|Any CPU
		{19CE1E00-DBAB-47E7-A980-F6C000F60B07}.Debug|Any CPU.Build.0 = Debug|Any CPU
		{19CE1E00-DBAB-47E7-A980-F6C000F60B07}.Release|Any CPU.ActiveCfg = Release|Any CPU
		{19CE1E00-DBAB-47E7-A980-F6C000F60B07}.Release|Any CPU.Build.0 = Release|Any CPU
		{72EFAD82-4FA6-4697-963F-53367E892FDF}.Debug|Any CPU.ActiveCfg = Debug|Any CPU
		{72EFAD82-4FA6-4697-963F-53367E892FDF}.Debug|Any CPU.Build.0 = Debug|Any CPU
		{72EFAD82-4FA6-4697-963F-53367E892FDF}.Release|Any CPU.ActiveCfg = Release|Any CPU
		{72EFAD82-4FA6-4697-963F-53367E892FDF}.Release|Any CPU.Build.0 = Release|Any CPU
		{C6D43190-2E66-4E0A-9097-6CFF9BCB20F8}.Debug|Any CPU.ActiveCfg = Debug|Any CPU
		{C6D43190-2E66-4E0A-9097-6CFF9BCB20F8}.Debug|Any CPU.Build.0 = Debug|Any CPU
		{C6D43190-2E66-4E0A-9097-6CFF9BCB20F8}.Release|Any CPU.ActiveCfg = Release|Any CPU
		{C6D43190-2E66-4E0A-9097-6CFF9BCB20F8}.Release|Any CPU.Build.0 = Release|Any CPU
		{A1EF5CDC-2F29-4310-B47E-2C2D62C00FAC}.Debug|Any CPU.ActiveCfg = Debug|Any CPU
		{A1EF5CDC-2F29-4310-B47E-2C2D62C00FAC}.Debug|Any CPU.Build.0 = Debug|Any CPU
		{A1EF5CDC-2F29-4310-B47E-2C2D62C00FAC}.Release|Any CPU.ActiveCfg = Release|Any CPU
		{A1EF5CDC-2F29-4310-B47E-2C2D62C00FAC}.Release|Any CPU.Build.0 = Release|Any CPU
		{46CEF3B6-D456-481E-8CA2-9688E98FE6B2}.Debug|Any CPU.ActiveCfg = Debug|Any CPU
		{46CEF3B6-D456-481E-8CA2-9688E98FE6B2}.Debug|Any CPU.Build.0 = Debug|Any CPU
		{46CEF3B6-D456-481E-8CA2-9688E98FE6B2}.Release|Any CPU.ActiveCfg = Release|Any CPU
		{46CEF3B6-D456-481E-8CA2-9688E98FE6B2}.Release|Any CPU.Build.0 = Release|Any CPU
		{76708CB7-24A8-4F00-841A-2660F17B5A67}.Debug|Any CPU.ActiveCfg = Debug|Any CPU
		{76708CB7-24A8-4F00-841A-2660F17B5A67}.Debug|Any CPU.Build.0 = Debug|Any CPU
		{76708CB7-24A8-4F00-841A-2660F17B5A67}.Release|Any CPU.ActiveCfg = Release|Any CPU
		{76708CB7-24A8-4F00-841A-2660F17B5A67}.Release|Any CPU.Build.0 = Release|Any CPU
		{3457D08A-D638-4C84-B064-F69CD1B6504F}.Debug|Any CPU.ActiveCfg = Debug|Any CPU
		{3457D08A-D638-4C84-B064-F69CD1B6504F}.Debug|Any CPU.Build.0 = Debug|Any CPU
		{3457D08A-D638-4C84-B064-F69CD1B6504F}.Release|Any CPU.ActiveCfg = Release|Any CPU
		{3457D08A-D638-4C84-B064-F69CD1B6504F}.Release|Any CPU.Build.0 = Release|Any CPU
		{DAF99E06-CAE9-41B8-82BA-9683ACE8E367}.Debug|Any CPU.ActiveCfg = Debug|Any CPU
		{DAF99E06-CAE9-41B8-82BA-9683ACE8E367}.Debug|Any CPU.Build.0 = Debug|Any CPU
		{DAF99E06-CAE9-41B8-82BA-9683ACE8E367}.Release|Any CPU.ActiveCfg = Release|Any CPU
		{DAF99E06-CAE9-41B8-82BA-9683ACE8E367}.Release|Any CPU.Build.0 = Release|Any CPU
		{13A24A01-5840-4D4D-AEC7-4090945BD79C}.Debug|Any CPU.ActiveCfg = Debug|Any CPU
		{13A24A01-5840-4D4D-AEC7-4090945BD79C}.Debug|Any CPU.Build.0 = Debug|Any CPU
		{13A24A01-5840-4D4D-AEC7-4090945BD79C}.Release|Any CPU.ActiveCfg = Release|Any CPU
		{13A24A01-5840-4D4D-AEC7-4090945BD79C}.Release|Any CPU.Build.0 = Release|Any CPU
		{16B16B36-E70E-4D86-845B-B1324FB3F0A6}.Debug|Any CPU.ActiveCfg = Debug|Any CPU
		{16B16B36-E70E-4D86-845B-B1324FB3F0A6}.Debug|Any CPU.Build.0 = Debug|Any CPU
		{16B16B36-E70E-4D86-845B-B1324FB3F0A6}.Release|Any CPU.ActiveCfg = Release|Any CPU
		{16B16B36-E70E-4D86-845B-B1324FB3F0A6}.Release|Any CPU.Build.0 = Release|Any CPU
	EndGlobalSection
	GlobalSection(SolutionProperties) = preSolution
		HideSolutionNode = FALSE
	EndGlobalSection
	GlobalSection(NestedProjects) = preSolution
		{9A59CD1B-0EBA-48F1-9522-EB0894DBF756} = {3DA6D052-4C39-4854-B7EE-BADB4F3481EE}
		{BF27544B-F422-4C42-A922-D03A95AD0190} = {3DA6D052-4C39-4854-B7EE-BADB4F3481EE}
		{1366EAA5-33BB-4BEC-903B-C7BFB284102A} = {3DA6D052-4C39-4854-B7EE-BADB4F3481EE}
		{7C454CDA-3F04-457F-A604-5575E679F49B} = {3DA6D052-4C39-4854-B7EE-BADB4F3481EE}
		{44486650-2688-4543-BC95-C49B668D8A83} = {3DA6D052-4C39-4854-B7EE-BADB4F3481EE}
		{3FAA57BD-2CBB-4557-B8D4-35EA0904E3D3} = {3DA6D052-4C39-4854-B7EE-BADB4F3481EE}
		{7DC5B98F-115B-4A5B-9284-09FDCE3FA01A} = {AE436FB0-3A63-4973-8A6F-5FD1D0B71981}
		{913C074A-F0F6-4CA9-85C5-3ABC4390EC93} = {AE436FB0-3A63-4973-8A6F-5FD1D0B71981}
		{0879033B-2EDB-4591-B6C1-193567864CCF} = {AE436FB0-3A63-4973-8A6F-5FD1D0B71981}
		{8E9FE45F-B55A-450F-81EB-F18CF52C4F87} = {AE436FB0-3A63-4973-8A6F-5FD1D0B71981}
		{23425017-A8F8-4C8B-BB51-A17E6F44132E} = {AE436FB0-3A63-4973-8A6F-5FD1D0B71981}
		{C413C7B4-5D76-442D-B9DC-D26E5E91697E} = {AE436FB0-3A63-4973-8A6F-5FD1D0B71981}
		{E6F30915-6D57-4A5D-8CE1-D483826CA7A8} = {AE436FB0-3A63-4973-8A6F-5FD1D0B71981}
		{825269A5-00A9-448F-B722-2499A1306CC9} = {AE436FB0-3A63-4973-8A6F-5FD1D0B71981}
		{28A31E24-A7F2-4EB2-99E3-FCEB74B98921} = {B50004D7-1604-4058-B04A-7DA3F3B63639}
		{1B1C155E-727C-45A2-A657-159D4C6412FA} = {B50004D7-1604-4058-B04A-7DA3F3B63639}
		{077BD167-71D4-425C-9666-5FAE0449156F} = {B50004D7-1604-4058-B04A-7DA3F3B63639}
		{6F7A805B-D7BF-4155-8C45-60A641ACAC52} = {B50004D7-1604-4058-B04A-7DA3F3B63639}
		{19CE1E00-DBAB-47E7-A980-F6C000F60B07} = {B50004D7-1604-4058-B04A-7DA3F3B63639}
		{72EFAD82-4FA6-4697-963F-53367E892FDF} = {B50004D7-1604-4058-B04A-7DA3F3B63639}
		{C6D43190-2E66-4E0A-9097-6CFF9BCB20F8} = {B50004D7-1604-4058-B04A-7DA3F3B63639}
		{A1EF5CDC-2F29-4310-B47E-2C2D62C00FAC} = {B50004D7-1604-4058-B04A-7DA3F3B63639}
		{46CEF3B6-D456-481E-8CA2-9688E98FE6B2} = {B50004D7-1604-4058-B04A-7DA3F3B63639}
		{76708CB7-24A8-4F00-841A-2660F17B5A67} = {B50004D7-1604-4058-B04A-7DA3F3B63639}
		{3457D08A-D638-4C84-B064-F69CD1B6504F} = {B50004D7-1604-4058-B04A-7DA3F3B63639}
		{DAF99E06-CAE9-41B8-82BA-9683ACE8E367} = {3DA6D052-4C39-4854-B7EE-BADB4F3481EE}
		{13A24A01-5840-4D4D-AEC7-4090945BD79C} = {3DA6D052-4C39-4854-B7EE-BADB4F3481EE}
		{16B16B36-E70E-4D86-845B-B1324FB3F0A6} = {AE436FB0-3A63-4973-8A6F-5FD1D0B71981}
	EndGlobalSection
	GlobalSection(ExtensibilityGlobals) = postSolution
		SolutionGuid = {ED4A6256-173F-4006-86F9-1847F7E7AEAF}
	EndGlobalSection
EndGlobal
